{
  "version": 4,
  "terraform_version": "1.11.4",
  "serial": 63,
  "lineage": "442a9a02-2b4e-ed66-6740-324ae3a38c5f",
  "outputs": {},
  "resources": [
    {
      "mode": "data",
      "type": "aws_availability_zones",
      "name": "available",
      "provider": "provider[\"registry.terraform.io/hashicorp/aws\"]",
      "instances": [
        {
          "schema_version": 0,
          "attributes": {
            "all_availability_zones": null,
            "exclude_names": null,
            "exclude_zone_ids": null,
            "filter": null,
            "group_names": [
              "eu-central-1-zg-1"
            ],
            "id": "eu-central-1",
            "names": [
              "eu-central-1a",
              "eu-central-1b",
              "eu-central-1c"
            ],
            "region": "eu-central-1",
            "state": null,
            "timeouts": null,
            "zone_ids": [
              "euc1-az2",
              "euc1-az3",
              "euc1-az1"
            ]
          },
          "sensitive_attributes": []
        }
      ]
    },
    {
      "mode": "data",
      "type": "aws_eks_cluster_auth",
      "name": "danit",
      "provider": "provider[\"registry.terraform.io/hashicorp/aws\"]",
      "instances": [
        {
          "schema_version": 0,
          "attributes": {
            "id": "agrynov",
            "name": "agrynov",
            "region": "eu-central-1",
            "token": "k8s-aws-v1.aHR0cHM6Ly9zdHMuZXUtY2VudHJhbC0xLmFtYXpvbmF3cy5jb20vP0FjdGlvbj1HZXRDYWxsZXJJZGVudGl0eSZWZXJzaW9uPTIwMTEtMDYtMTUmWC1BbXotQWxnb3JpdGhtPUFXUzQtSE1BQy1TSEEyNTYmWC1BbXotQ3JlZGVudGlhbD1BS0lBVjJMTUxTN1NHU0tOUVJOWiUyRjIwMjUxMDE2JTJGZXUtY2VudHJhbC0xJTJGc3RzJTJGYXdzNF9yZXF1ZXN0JlgtQW16LURhdGU9MjAyNTEwMTZUMTQzOTE4WiZYLUFtei1FeHBpcmVzPTAmWC1BbXotU2lnbmVkSGVhZGVycz1ob3N0JTNCeC1rOHMtYXdzLWlkJlgtQW16LVNpZ25hdHVyZT01ZmQ2ZGRkNWRlM2UzMjIyNGZhZDVlMzc4OTRlMzRhM2JkZTE4ZmY2OTgzZjk2ZDEyYWE4ZjYxNzFjNzg3MWEx"
          },
          "sensitive_attributes": [
            [
              {
                "type": "get_attr",
                "value": "token"
              }
            ]
          ]
        }
      ]
    },
    {
      "mode": "data",
      "type": "aws_route53_zone",
      "name": "zone",
      "provider": "provider[\"registry.terraform.io/hashicorp/aws\"]",
      "instances": [
        {
          "schema_version": 0,
          "attributes": {
            "arn": "arn:aws:route53:::hostedzone/Z019656335LA6XJFZBSBO",
            "caller_reference": "1760620171",
            "comment": "",
            "id": "Z019656335LA6XJFZBSBO",
            "linked_service_description": null,
            "linked_service_principal": null,
            "name": "devops7.test-danit.com",
            "name_servers": [
              "ns-267.awsdns-33.com",
              "ns-1915.awsdns-47.co.uk",
              "ns-1209.awsdns-23.org",
              "ns-992.awsdns-60.net"
            ],
            "primary_name_server": "ns-267.awsdns-33.com",
            "private_zone": false,
            "resource_record_set_count": 2,
            "tags": {},
            "vpc_id": null,
            "zone_id": "Z019656335LA6XJFZBSBO"
          },
          "sensitive_attributes": []
        }
      ]
    },
    {
      "mode": "data",
      "type": "http",
      "name": "workstation-external-ip",
      "provider": "provider[\"registry.terraform.io/hashicorp/http\"]",
      "instances": [
        {
          "schema_version": 0,
          "attributes": {
            "body": "95.216.201.238\n",
            "ca_cert_pem": null,
            "client_cert_pem": null,
            "client_key_pem": null,
            "id": "http://ipv4.icanhazip.com",
            "insecure": null,
            "method": null,
            "request_body": null,
            "request_headers": null,
            "request_timeout_ms": null,
            "response_body": "95.216.201.238\n",
            "response_body_base64": "OTUuMjE2LjIwMS4yMzgK",
            "response_headers": {
              "Access-Control-Allow-Methods": "GET",
              "Access-Control-Allow-Origin": "*",
              "Alt-Svc": "h3=\":443\"; ma=86400",
              "Cf-Ray": "98f82b53e9e08d59-HEL",
              "Connection": "keep-alive",
              "Content-Length": "15",
              "Content-Type": "text/plain",
              "Date": "Thu, 16 Oct 2025 14:15:36 GMT",
              "Server": "cloudflare",
              "Set-Cookie": "__cf_bm=nQFh.fLX0CA0Ka8i5cZya40HZU745lDAP9ZlRpBOwXU-1760624136-1.0.1.1-4UJUKm3MQyVbYPM8Z8Kb2IT2MILlA0jzWRDSEzJ3YjiwU.tdttjLmKM91pSaiRi6fb8yzGFO_ZC1NVwPdjz7c7M1KL0be4VEbIJ.7ZcqVHk; path=/; expires=Thu, 16-Oct-25 14:45:36 GMT; domain=.icanhazip.com; HttpOnly",
              "Vary": "Accept-Encoding"
            },
            "retry": null,
            "status_code": 200,
            "url": "http://ipv4.icanhazip.com"
          },
          "sensitive_attributes": []
        }
      ]
    },
    {
      "mode": "data",
      "type": "tls_certificate",
      "name": "cert",
      "provider": "provider[\"registry.terraform.io/hashicorp/tls\"]",
      "instances": [
        {
          "schema_version": 0,
          "attributes": {
            "certificates": [
              {
                "cert_pem": "-----BEGIN CERTIFICATE-----\nMIIEkjCCA3qgAwIBAgITBn+USionzfP6wq4rAfkI7rnExjANBgkqhkiG9w0BAQsF\nADCBmDELMAkGA1UEBhMCVVMxEDAOBgNVBAgTB0FyaXpvbmExEzARBgNVBAcTClNj\nb3R0c2RhbGUxJTAjBgNVBAoTHFN0YXJmaWVsZCBUZWNobm9sb2dpZXMsIEluYy4x\nOzA5BgNVBAMTMlN0YXJmaWVsZCBTZXJ2aWNlcyBSb290IENlcnRpZmljYXRlIEF1\ndGhvcml0eSAtIEcyMB4XDTE1MDUyNTEyMDAwMFoXDTM3MTIzMTAxMDAwMFowOTEL\nMAkGA1UEBhMCVVMxDzANBgNVBAoTBkFtYXpvbjEZMBcGA1UEAxMQQW1hem9uIFJv\nb3QgQ0EgMTCCASIwDQYJKoZIhvcNAQEBBQADggEPADCCAQoCggEBALJ4gHHKeNXj\nca9HgFB0fW7Y14h29Jlo91ghYPl0hAEvrAIthtOgQ3pOsqTQNroBvo3bSMgHFzZM\n9O6II8c+6zf1tRn4SWiw3te5djgdYZ6k/oI2peVKVuRF4fn9tBb6dNqcmzU5L/qw\nIFAGbHrQgLKm+a/sRxmPUDgH3KKHOVj4utWp+UhnMJbulHheb4mjUcAwhmahRWa6\nVOujw5H5SNz/0egwLX0tdHA114gk957EWW67c4cX8jJGKLhD+rcdqsq08p8kDi1L\n93FcXmn/6pUCyziKrlA4b9v7LWIbxcceVOF34GfID5yHI9Y/QCB/IIDEgEw+OyQm\njgSubJrIqg0CAwEAAaOCATEwggEtMA8GA1UdEwEB/wQFMAMBAf8wDgYDVR0PAQH/\nBAQDAgGGMB0GA1UdDgQWBBSEGMyFNOy8DJSULghZnMeyEE4KCDAfBgNVHSMEGDAW\ngBScXwDfqgHXMCs4iKK4bUqc8hGRgzB4BggrBgEFBQcBAQRsMGowLgYIKwYBBQUH\nMAGGImh0dHA6Ly9vY3NwLnJvb3RnMi5hbWF6b250cnVzdC5jb20wOAYIKwYBBQUH\nMAKGLGh0dHA6Ly9jcnQucm9vdGcyLmFtYXpvbnRydXN0LmNvbS9yb290ZzIuY2Vy\nMD0GA1UdHwQ2MDQwMqAwoC6GLGh0dHA6Ly9jcmwucm9vdGcyLmFtYXpvbnRydXN0\nLmNvbS9yb290ZzIuY3JsMBEGA1UdIAQKMAgwBgYEVR0gADANBgkqhkiG9w0BAQsF\nAAOCAQEAYjdCXLwQtT6LLOkMm2xF4gcAevnFWAu5CIw+7bMlPLVvUOTNNWqnkzSW\nMiGpSESrnO09tKpzbeR/FoCJbM8oAxiDR3mjEH4wW6w7sGDgd9QIpuEdfF7Au/ma\neyKdpwAJfqxGF4PcnCZXmTA5YpaP7dreqsXMGz7KQ2hsVxa81Q4gLv7/wmpdLqBK\nbRRYh5TmOTFffHPLkIhqhBGWJ6bt2YFGpn6jcgAKUj6DiAdjd4lpFw85hdKrCEVN\n0FE6/V1dN2RMfjCyVSRCnTawXZwXgWHxyvkQAiSr6w10kY17RSlQOYiypok1JR4U\nakcjMS9cmvqtmg5iUaQqqcT5NJ0hGA==\n-----END CERTIFICATE-----\n",
                "is_ca": true,
                "issuer": "CN=Starfield Services Root Certificate Authority - G2,O=Starfield Technologies\\, Inc.,L=Scottsdale,ST=Arizona,C=US",
                "not_after": "2037-12-31T01:00:00Z",
                "not_before": "2015-05-25T12:00:00Z",
                "public_key_algorithm": "RSA",
                "serial_number": "144918191876577076464031512351042010504348870",
                "sha1_fingerprint": "06b25927c42a721631c1efd9431e648fa62e1e39",
                "signature_algorithm": "SHA256-RSA",
                "subject": "CN=Amazon Root CA 1,O=Amazon,C=US",
                "version": 3
              },
              {
                "cert_pem": "-----BEGIN CERTIFICATE-----\nMIIEXjCCA0agAwIBAgITB3MSTNQG0mfAmRzdKZqfODF5hTANBgkqhkiG9w0BAQsF\nADA5MQswCQYDVQQGEwJVUzEPMA0GA1UEChMGQW1hem9uMRkwFwYDVQQDExBBbWF6\nb24gUm9vdCBDQSAxMB4XDTIyMDgyMzIyMjYwNFoXDTMwMDgyMzIyMjYwNFowPDEL\nMAkGA1UEBhMCVVMxDzANBgNVBAoTBkFtYXpvbjEcMBoGA1UEAxMTQW1hem9uIFJT\nQSAyMDQ4IE0wMzCCASIwDQYJKoZIhvcNAQEBBQADggEPADCCAQoCggEBALd/pVko\n8vuM475Tf45HV3BbCl/B9Jy89G1CRkFjcPY06WA9lS+7dWbUA7GtWUKoksr69hKM\nwcMsNpxlw7b3jeXFgxB09/nmalcAWtnLzF+LaDKEA5DQmvKzuh1nfIfqEiKCQSmX\nXh09Xs+dO7cm5qbaL2hhNJCSAejciwcvOFgFNgEMR42wm6KIFHsQW28jhA+1u/M0\np6fVwReuEgZfLfdx82Px0LJck3lST3EB/JfbdsdOzzzg5YkY1dfuqf8y5fUeZ7Cz\nWXbTjujwX/TovmeWKA36VLCz75azW6tDNuDn66FOpADZZ9omVaF6BqNJiLMVl6P3\n/c0OiUMC6Z5OfKcCAwEAAaOCAVowggFWMBIGA1UdEwEB/wQIMAYBAf8CAQAwDgYD\nVR0PAQH/BAQDAgGGMB0GA1UdJQQWMBQGCCsGAQUFBwMBBggrBgEFBQcDAjAdBgNV\nHQ4EFgQUVdkYX9IczAHhWLS+q9lVQgHXLgIwHwYDVR0jBBgwFoAUhBjMhTTsvAyU\nlC4IWZzHshBOCggwewYIKwYBBQUHAQEEbzBtMC8GCCsGAQUFBzABhiNodHRwOi8v\nb2NzcC5yb290Y2ExLmFtYXpvbnRydXN0LmNvbTA6BggrBgEFBQcwAoYuaHR0cDov\nL2NydC5yb290Y2ExLmFtYXpvbnRydXN0LmNvbS9yb290Y2ExLmNlcjA/BgNVHR8E\nODA2MDSgMqAwhi5odHRwOi8vY3JsLnJvb3RjYTEuYW1hem9udHJ1c3QuY29tL3Jv\nb3RjYTEuY3JsMBMGA1UdIAQMMAowCAYGZ4EMAQIBMA0GCSqGSIb3DQEBCwUAA4IB\nAQAGjeWm2cC+3z2MzSCnte46/7JZvj3iQZDY7EvODNdZF41n71Lrk9kbfNwerK0d\nVNzW36Wefr7j7ZSwBVg50W5ay65jNSN74TTQV1yt4WnSbVvN6KlMs1hiyOZdoHKs\nKDV2UGNxbdoBYCQNa2GYF8FQIWLugNp35aSOpMy6cFlymFQomIrnOQHwK1nvVY4q\nxDSJMU/gNJz17D8ArPN3ngnyZ2TwepJ0uBINz3G5te2rdFUF4i4Y3Bb7FUlHDYm4\nu8aIRGpk2ZpfXmxaoxnbIBZRvGLPSUuPwnwoUOMsJ8jirI5vs2dvchPb7MtI1rle\ni02f2ivH2vxkjDLltSpe2fiC\n-----END CERTIFICATE-----\n",
                "is_ca": true,
                "issuer": "CN=Amazon Root CA 1,O=Amazon,C=US",
                "not_after": "2030-08-23T22:26:04Z",
                "not_before": "2022-08-23T22:26:04Z",
                "public_key_algorithm": "RSA",
                "serial_number": "166129356476704345391986644047206454194698629",
                "sha1_fingerprint": "d9fe0a65fa00cabf61f5120d373a8135e1461f15",
                "signature_algorithm": "SHA256-RSA",
                "subject": "CN=Amazon RSA 2048 M03,O=Amazon,C=US",
                "version": 3
              },
              {
                "cert_pem": "-----BEGIN CERTIFICATE-----\nMIIF6zCCBNOgAwIBAgIQC4hEi7pJ3+PGBwfnYdVdtjANBgkqhkiG9w0BAQsFADA8\nMQswCQYDVQQGEwJVUzEPMA0GA1UEChMGQW1hem9uMRwwGgYDVQQDExNBbWF6b24g\nUlNBIDIwNDggTTAzMB4XDTI1MDIyNjAwMDAwMFoXDTI2MDMyODIzNTk1OVowKzEp\nMCcGA1UEAwwgKi5la3MuZXUtY2VudHJhbC0xLmFtYXpvbmF3cy5jb20wggEiMA0G\nCSqGSIb3DQEBAQUAA4IBDwAwggEKAoIBAQC8puZUGMtG9NupSlPRt3lJH/6LUZkA\nna0255m0jGkEEEasY5c3Y9y/5wn11wU1h9QNNOC9KoOhHRsIr4ElOp5fQl1aEZmx\nd29ecm27kLwomsvBvYiNBT1fPVvcLJ63h0jYpe2id0XBlBKPmgA2gmFrmejgwhvn\n5P+jETAB4Matc9OreyTIi1Ka/B79rw5Xl+ktuPfjGkf5rIrAEij58j8Th3hxC1JC\np4ItbIUXB4D9+xu/WGkkBf09oMW2Gtn1BA3K6gPBD+4x7kYkSCIaHPYNybXu2VaD\nVzAIMNLQDqV6ZstzwT5EosGka1MlUDqglgauT7uO7J471DLBCU37Oy1zAgMBAAGj\nggL4MIIC9DAfBgNVHSMEGDAWgBRV2Rhf0hzMAeFYtL6r2VVCAdcuAjAdBgNVHQ4E\nFgQU3e7kV+q/ZIOdeba4p0AY4fLWbDEwKwYDVR0RBCQwIoIgKi5la3MuZXUtY2Vu\ndHJhbC0xLmFtYXpvbmF3cy5jb20wEwYDVR0gBAwwCjAIBgZngQwBAgEwDgYDVR0P\nAQH/BAQDAgWgMB0GA1UdJQQWMBQGCCsGAQUFBwMBBggrBgEFBQcDAjA7BgNVHR8E\nNDAyMDCgLqAshipodHRwOi8vY3JsLnIybTAzLmFtYXpvbnRydXN0LmNvbS9yMm0w\nMy5jcmwwdQYIKwYBBQUHAQEEaTBnMC0GCCsGAQUFBzABhiFodHRwOi8vb2NzcC5y\nMm0wMy5hbWF6b250cnVzdC5jb20wNgYIKwYBBQUHMAKGKmh0dHA6Ly9jcnQucjJt\nMDMuYW1hem9udHJ1c3QuY29tL3IybTAzLmNlcjAMBgNVHRMBAf8EAjAAMIIBfQYK\nKwYBBAHWeQIEAgSCAW0EggFpAWcAdgCWl2S/VViXrfdDh2g3CEJ36fA61fak8zZu\nRqQ/D8qpxgAAAZU/pyUOAAAEAwBHMEUCIQCNGYIB9FphlXfLsCVhQa/nNyVA/OdF\nRAGBY1lYwOesgQIgSxIRDYVexFOcPgi5z+hd4vJ0msxgtzn1r8r0GuIgb+UAdgBk\nEcRspBLsp4kcogIuALyrTygH1B41J6vq/tUDyX3N8AAAAZU/pyUSAAAEAwBHMEUC\nICjGzP3jERdiAZx7Y/+lBeGcMETjSt4wPuxC+VwI7b0lAiEAqM0tpbUmGJ9na6SZ\nWOyoCOPCI+kdhNnAw/Q/Sz5tMs4AdQBJnJtp3h187Pw23s2HZKa4W68Kh4AZ0VVS\n++nrKd34wwAAAZU/pyUoAAAEAwBGMEQCIHxndNIoIP6XqwGW2Rbxv/u6Yf92X/Ri\nDTsMsAB0en88AiB0S+seC5AF4ZbNRgblgu6rqYc1oPH8VDEgP4ji6M4NFzANBgkq\nhkiG9w0BAQsFAAOCAQEAVIDr+wgnND9P7BO6f8X6bcNZ6GoCp+Rsj47shArfCRgF\np50/8kK5KeMVnXKeEy0LJ/9D3/oHWV2TGLa9lsoCwG06hwUpXXtG3lW1HEGUOgiM\nCCsPxK8/MX8fseEfBwu+Yy/2JYRYwrybKe/aTs1DSs60tOQO5qQj1nvT1f2sMnSC\nAwIYWSGmkCzftcwPDcdVcGU3wS6tDBLVQIZwUPbfA52m7WullmKGbrDjGn5Cy7iW\nelyfkmEJcEAYW4ctx/jrV49P7tq+14HAVZqbnrd0s0wUKnq0kKMztNN96Ce9TNS2\nEKPavd8oe0ZM/cBQR1tVjNi5R1af9reYYUHKYSv01g==\n-----END CERTIFICATE-----\n",
                "is_ca": false,
                "issuer": "CN=Amazon RSA 2048 M03,O=Amazon,C=US",
                "not_after": "2026-03-28T23:59:59Z",
                "not_before": "2025-02-26T00:00:00Z",
                "public_key_algorithm": "RSA",
                "serial_number": "15329050600615969656761797089774886326",
                "sha1_fingerprint": "c3c07e30211ff224dc6db2086d7bbaa42929a81e",
                "signature_algorithm": "SHA256-RSA",
                "subject": "CN=*.eks.eu-central-1.amazonaws.com",
                "version": 3
              }
            ],
            "content": null,
            "id": "efc5619605e4300447be4c860675ff76c35033c7",
            "url": "https://oidc.eks.eu-central-1.amazonaws.com/id/D2B369D917D94A0570DEB337625C8C9A",
            "verify_chain": true
          },
          "sensitive_attributes": []
        }
      ]
    },
    {
      "mode": "managed",
      "type": "aws_eks_addon",
      "name": "coredns",
      "provider": "provider[\"registry.terraform.io/hashicorp/aws\"]",
      "instances": [
        {
          "schema_version": 0,
          "attributes": {
            "addon_name": "coredns",
            "addon_version": "v1.12.2-eksbuild.4",
            "arn": "arn:aws:eks:eu-central-1:400196081636:addon/agrynov/coredns/8eccf6bb-fe81-002c-4931-549fe415a9b6",
            "cluster_name": "agrynov",
            "configuration_values": "",
            "created_at": "2025-10-16T14:41:27Z",
            "id": "agrynov:coredns",
            "modified_at": "2025-10-16T14:41:39Z",
            "pod_identity_association": [],
            "preserve": null,
            "region": "eu-central-1",
            "resolve_conflicts_on_create": "OVERWRITE",
            "resolve_conflicts_on_update": null,
            "service_account_role_arn": "",
            "tags": null,
            "tags_all": {},
            "timeouts": null
          },
          "sensitive_attributes": [],
          "private": "eyJlMmJmYjczMC1lY2FhLTExZTYtOGY4OC0zNDM2M2JjN2M0YzAiOnsiY3JlYXRlIjoxMjAwMDAwMDAwMDAwLCJkZWxldGUiOjI0MDAwMDAwMDAwMDAsInVwZGF0ZSI6MTIwMDAwMDAwMDAwMH19",
          "dependencies": [
            "aws_eks_cluster.danit",
            "aws_eks_node_group.danit-amd",
            "aws_iam_role.cluster",
            "aws_iam_role.danit-node",
            "aws_iam_role_policy_attachment.kubeedge-cluster-AmazonEKSClusterPolicy",
            "aws_iam_role_policy_attachment.kubeedge-cluster-AmazonEKSVPCResourceController",
            "aws_iam_role_policy_attachment.kubeedge-node-AmazonEC2ContainerRegistryReadOnly",
            "aws_iam_role_policy_attachment.kubeedge-node-AmazonEKSWorkerNodePolicy",
            "aws_iam_role_policy_attachment.kubeedge-node-AmazonEKS_CNI_Policy",
            "aws_security_group.danit-cluster"
          ]
        }
      ]
    },
    {
      "mode": "managed",
      "type": "aws_eks_cluster",
      "name": "danit",
      "provider": "provider[\"registry.terraform.io/hashicorp/aws\"]",
      "instances": [
        {
          "schema_version": 1,
          "attributes": {
            "access_config": [
              {
                "authentication_mode": "CONFIG_MAP",
                "bootstrap_cluster_creator_admin_permissions": true
              }
            ],
            "arn": "arn:aws:eks:eu-central-1:400196081636:cluster/agrynov",
            "bootstrap_self_managed_addons": true,
            "certificate_authority": [
              {
                "data": "LS0tLS1CRUdJTiBDRVJUSUZJQ0FURS0tLS0tCk1JSURCVENDQWUyZ0F3SUJBZ0lJZDJQWnowZ2N0Y3N3RFFZSktvWklodmNOQVFFTEJRQXdGVEVUTUJFR0ExVUUKQXhNS2EzVmlaWEp1WlhSbGN6QWVGdzB5TlRFd01UWXhOREUyTkRsYUZ3MHpOVEV3TVRReE5ESXhORGxhTUJVeApFekFSQmdOVkJBTVRDbXQxWW1WeWJtVjBaWE13Z2dFaU1BMEdDU3FHU0liM0RRRUJBUVVBQTRJQkR3QXdnZ0VLCkFvSUJBUUMvdWlKVXpONjdndk1KWXIxei9JdHkvamFzV1ZITndPYzVSYUQya28wQlRvcGxobnRNSU9EWFg3ZmEKMlAraFhCQWJDUnZpbkdiamxHMTRMU0tCOExMbDcwUGUvWWlKL3Ara0tDeU5qcTc2TjhsaHhETGYvSFhRQWxMKwp5TEFoRTUwTzJCMDBrVU0wWFFNZFNzOVAwMWxQNWxHcnRXVzBzZkZhenRRbS81QmhxMFArWGIxTm0vMVd4QzZPCi9jMGFhMjZkR3R5MHNnaTJiOXUrUE5UR0xBNm9xWmRES2pWYWc1R2xqdEFzWVVKS3E1WnJqN1REcklXUDVUZFoKSWgrQ2NKNGZlYzV2ZU9Cc0h0MHdReFk3djdyME0wQzQ4UkxxOFMwZGZSN1NwZjNraHl0aVU2QjRmZVY4dnFOcQpNZE1wZVZHRmxscVFEZDN0cnRLdU9LTnA1dktYQWdNQkFBR2pXVEJYTUE0R0ExVWREd0VCL3dRRUF3SUNwREFQCkJnTlZIUk1CQWY4RUJUQURBUUgvTUIwR0ExVWREZ1FXQkJUbVhaTmtGTGphQWlkVEdwNFloRVg1UkJGRXRqQVYKQmdOVkhSRUVEakFNZ2dwcmRXSmxjbTVsZEdWek1BMEdDU3FHU0liM0RRRUJDd1VBQTRJQkFRQkg2SHdkc1QrdQpVYXZTRFhBS0hKb21tN2ZCRWlLck5yWVBNaWxjbk1paXBFZlRKcXJ2TXNOYkFyNHBvVUpOaWNYNHZ3WVJKRmtQCmNEeUZ0alorK3ZBUFlINTJTS08yb0xvcmRKRUtlQXVOVGFRUlF3ei9scDFKQnhXTUgvUzhaYWNkNHk2UXdoL1EKUTgrT1ZFMGpIZEk3YjBnRWhIZEhkNzNNZlRXTkMzTFZvTkljbnhWVThWWWRCWDhNWWlNeUx1d0ZJLzIzRnFOZwo4bjBtTWxVeElac2lMNmoxY2J3NEoyd09KU3Q3YiswTFNRZi95K3I5QUE0MVNkVHZBWFcxTENEenlCWUlRVEJKCkNnYm5Qd2Y0eE91eGcwRFR1dHpZM0w2bVc3RXVKcE56YXpzWmdQa3ZyMlZUMWpzd1lwVlNHSnVqN1hCU1JFMUkKdnhUSSt6My9uemNkCi0tLS0tRU5EIENFUlRJRklDQVRFLS0tLS0K"
              }
            ],
            "cluster_id": null,
            "compute_config": [
              {
                "enabled": false,
                "node_pools": [],
                "node_role_arn": ""
              }
            ],
            "created_at": "2025-10-16T14:15:56Z",
            "deletion_protection": false,
            "enabled_cluster_log_types": null,
            "encryption_config": [],
            "endpoint": "https://D2B369D917D94A0570DEB337625C8C9A.gr7.eu-central-1.eks.amazonaws.com",
            "force_update_version": null,
            "id": "agrynov",
            "identity": [
              {
                "oidc": [
                  {
                    "issuer": "https://oidc.eks.eu-central-1.amazonaws.com/id/D2B369D917D94A0570DEB337625C8C9A"
                  }
                ]
              }
            ],
            "kubernetes_network_config": [
              {
                "elastic_load_balancing": [
                  {
                    "enabled": false
                  }
                ],
                "ip_family": "ipv4",
                "service_ipv4_cidr": "10.100.0.0/16",
                "service_ipv6_cidr": ""
              }
            ],
            "name": "agrynov",
            "outpost_config": [],
            "platform_version": "eks.18",
            "region": "eu-central-1",
            "remote_network_config": [],
            "role_arn": "arn:aws:iam::400196081636:role/agrynov-eks-role",
            "status": "ACTIVE",
            "storage_config": [
              {
                "block_storage": [
                  {
                    "enabled": false
                  }
                ]
              }
            ],
            "tags": {
              "Environment": "test-agrynov",
              "Name": "agrynov",
              "TfControl": "true",
              "owner": "agrynov"
            },
            "tags_all": {
              "Environment": "test-agrynov",
              "Name": "agrynov",
              "TfControl": "true",
              "owner": "agrynov"
            },
            "timeouts": null,
            "upgrade_policy": [
              {
                "support_type": "EXTENDED"
              }
            ],
            "version": "1.33",
            "vpc_config": [
              {
                "cluster_security_group_id": "sg-0ab8b30099e9923ae",
                "endpoint_private_access": false,
                "endpoint_public_access": true,
                "public_access_cidrs": [
                  "0.0.0.0/0"
                ],
                "security_group_ids": [
                  "sg-02e37995ed220edbc"
                ],
                "subnet_ids": [
                  "subnet-00deff8c9cc2385a7",
                  "subnet-045cf8f75e32da6ad",
                  "subnet-0dc2a67f3896d5b0e"
                ],
                "vpc_id": "vpc-0d36300b8ac09e636"
              }
            ],
            "zonal_shift_config": []
          },
          "sensitive_attributes": [],
          "private": "eyJlMmJmYjczMC1lY2FhLTExZTYtOGY4OC0zNDM2M2JjN2M0YzAiOnsiY3JlYXRlIjoxODAwMDAwMDAwMDAwLCJkZWxldGUiOjkwMDAwMDAwMDAwMCwidXBkYXRlIjozNjAwMDAwMDAwMDAwfSwic2NoZW1hX3ZlcnNpb24iOiIxIn0=",
          "dependencies": [
            "aws_iam_role.cluster",
            "aws_iam_role_policy_attachment.kubeedge-cluster-AmazonEKSClusterPolicy",
            "aws_iam_role_policy_attachment.kubeedge-cluster-AmazonEKSVPCResourceController",
            "aws_security_group.danit-cluster"
          ]
        }
      ]
    },
    {
      "mode": "managed",
      "type": "aws_eks_node_group",
      "name": "danit-amd",
      "provider": "provider[\"registry.terraform.io/hashicorp/aws\"]",
      "instances": [
        {
          "schema_version": 0,
          "attributes": {
            "ami_type": "AL2023_x86_64_STANDARD",
            "arn": "arn:aws:eks:eu-central-1:400196081636:nodegroup/agrynov/agrynov-amd/ecccf6bb-02c1-a82c-c928-cf57e7438dee",
            "capacity_type": "ON_DEMAND",
            "cluster_name": "agrynov",
            "disk_size": 20,
            "force_update_version": null,
            "id": "agrynov:agrynov-amd",
            "instance_types": [
              "t3.medium"
            ],
            "labels": {
              "node-type": "general"
            },
            "launch_template": [],
            "node_group_name": "agrynov-amd",
            "node_group_name_prefix": "",
            "node_repair_config": [],
            "node_role_arn": "arn:aws:iam::400196081636:role/agrynov-eks-node",
            "region": "eu-central-1",
            "release_version": "1.33.5-20251007",
            "remote_access": [],
            "resources": [
              {
                "autoscaling_groups": [
                  {
                    "name": "eks-agrynov-amd-ecccf6bb-02c1-a82c-c928-cf57e7438dee"
                  }
                ],
                "remote_access_security_group_id": ""
              }
            ],
            "scaling_config": [
              {
                "desired_size": 1,
                "max_size": 1,
                "min_size": 1
              }
            ],
            "status": "ACTIVE",
            "subnet_ids": [
              "subnet-00deff8c9cc2385a7",
              "subnet-045cf8f75e32da6ad",
              "subnet-0dc2a67f3896d5b0e"
            ],
            "tags": {
              "Environment": "test-agrynov",
              "Name": "agrynov-amd-node-group",
              "TfControl": "true",
              "owner": "agrynov"
            },
            "tags_all": {
              "Environment": "test-agrynov",
              "Name": "agrynov-amd-node-group",
              "TfControl": "true",
              "owner": "agrynov"
            },
            "taint": [],
            "timeouts": null,
            "update_config": [
              {
                "max_unavailable": 1,
                "max_unavailable_percentage": 0
              }
            ],
            "version": "1.33"
          },
          "sensitive_attributes": [],
          "private": "eyJlMmJmYjczMC1lY2FhLTExZTYtOGY4OC0zNDM2M2JjN2M0YzAiOnsiY3JlYXRlIjozNjAwMDAwMDAwMDAwLCJkZWxldGUiOjM2MDAwMDAwMDAwMDAsInVwZGF0ZSI6MzYwMDAwMDAwMDAwMH19",
          "dependencies": [
            "aws_eks_cluster.danit",
            "aws_iam_role.cluster",
            "aws_iam_role.danit-node",
            "aws_iam_role_policy_attachment.kubeedge-cluster-AmazonEKSClusterPolicy",
            "aws_iam_role_policy_attachment.kubeedge-cluster-AmazonEKSVPCResourceController",
            "aws_iam_role_policy_attachment.kubeedge-node-AmazonEC2ContainerRegistryReadOnly",
            "aws_iam_role_policy_attachment.kubeedge-node-AmazonEKSWorkerNodePolicy",
            "aws_iam_role_policy_attachment.kubeedge-node-AmazonEKS_CNI_Policy",
            "aws_security_group.danit-cluster"
          ]
        }
      ]
    },
    {
      "mode": "managed",
      "type": "aws_iam_openid_connect_provider",
      "name": "openid_connect",
      "provider": "provider[\"registry.terraform.io/hashicorp/aws\"]",
      "instances": [
        {
          "schema_version": 0,
          "attributes": {
            "arn": "arn:aws:iam::400196081636:oidc-provider/oidc.eks.eu-central-1.amazonaws.com/id/D2B369D917D94A0570DEB337625C8C9A",
            "client_id_list": [
              "sts.amazonaws.com"
            ],
            "id": "arn:aws:iam::400196081636:oidc-provider/oidc.eks.eu-central-1.amazonaws.com/id/D2B369D917D94A0570DEB337625C8C9A",
            "tags": null,
            "tags_all": {},
            "thumbprint_list": [
              "06b25927c42a721631c1efd9431e648fa62e1e39"
            ],
            "url": "oidc.eks.eu-central-1.amazonaws.com/id/D2B369D917D94A0570DEB337625C8C9A"
          },
          "sensitive_attributes": [],
          "private": "bnVsbA==",
          "dependencies": [
            "aws_eks_cluster.danit",
            "aws_iam_role.cluster",
            "aws_iam_role_policy_attachment.kubeedge-cluster-AmazonEKSClusterPolicy",
            "aws_iam_role_policy_attachment.kubeedge-cluster-AmazonEKSVPCResourceController",
            "aws_security_group.danit-cluster",
            "data.tls_certificate.cert"
          ]
        }
      ]
    },
    {
      "mode": "managed",
      "type": "aws_iam_policy",
      "name": "secrets_policy",
      "provider": "provider[\"registry.terraform.io/hashicorp/aws\"]",
      "instances": [
        {
          "schema_version": 0,
          "attributes": {
            "arn": "arn:aws:iam::400196081636:policy/GetSecrets",
            "attachment_count": 0,
            "description": "Policy to read aws secrets",
            "id": "arn:aws:iam::400196081636:policy/GetSecrets",
            "name": "GetSecrets",
            "name_prefix": "",
            "path": "/",
            "policy": "{\"Statement\":[{\"Action\":[\"route53:ListHostedZones\",\"route53:ListResourceRecordSets\"],\"Effect\":\"Allow\",\"Resource\":\"*\",\"Sid\":\"AllowListHostedZones1\"}],\"Version\":\"2012-10-17\"}",
            "policy_id": "ANPAV2LMLS7SIT3XBA36Y",
            "tags": null,
            "tags_all": {}
          },
          "sensitive_attributes": [],
          "private": "bnVsbA=="
        }
      ]
    },
    {
      "mode": "managed",
      "type": "aws_iam_role",
      "name": "cluster",
      "provider": "provider[\"registry.terraform.io/hashicorp/aws\"]",
      "instances": [
        {
          "schema_version": 0,
          "attributes": {
            "arn": "arn:aws:iam::400196081636:role/agrynov-eks-role",
            "assume_role_policy": "{\"Statement\":[{\"Action\":\"sts:AssumeRole\",\"Effect\":\"Allow\",\"Principal\":{\"Service\":\"eks.amazonaws.com\"}}],\"Version\":\"2012-10-17\"}",
            "create_date": "2025-10-16T14:15:52Z",
            "description": "",
            "force_detach_policies": false,
            "id": "agrynov-eks-role",
            "inline_policy": [],
            "managed_policy_arns": [],
            "max_session_duration": 3600,
            "name": "agrynov-eks-role",
            "name_prefix": "",
            "path": "/",
            "permissions_boundary": "",
            "tags": {
              "Environment": "test-agrynov",
              "Name": "agrynov-eks-role",
              "TfControl": "true",
              "owner": "agrynov"
            },
            "tags_all": {
              "Environment": "test-agrynov",
              "Name": "agrynov-eks-role",
              "TfControl": "true",
              "owner": "agrynov"
            },
            "unique_id": "AROAV2LMLS7SKH7A2ED3M"
          },
          "sensitive_attributes": [],
          "private": "bnVsbA=="
        }
      ]
    },
    {
      "mode": "managed",
      "type": "aws_iam_role",
      "name": "danit-node",
      "provider": "provider[\"registry.terraform.io/hashicorp/aws\"]",
      "instances": [
        {
          "schema_version": 0,
          "attributes": {
            "arn": "arn:aws:iam::400196081636:role/agrynov-eks-node",
            "assume_role_policy": "{\"Statement\":[{\"Action\":\"sts:AssumeRole\",\"Effect\":\"Allow\",\"Principal\":{\"Service\":\"ec2.amazonaws.com\"}}],\"Version\":\"2012-10-17\"}",
            "create_date": "2025-10-16T14:15:52Z",
            "description": "",
            "force_detach_policies": false,
            "id": "agrynov-eks-node",
            "inline_policy": [],
            "managed_policy_arns": [],
            "max_session_duration": 3600,
            "name": "agrynov-eks-node",
            "name_prefix": "",
            "path": "/",
            "permissions_boundary": "",
            "tags": {
              "Environment": "test-agrynov",
              "Name": "agrynov-eks-node-role",
              "TfControl": "true",
              "owner": "agrynov"
            },
            "tags_all": {
              "Environment": "test-agrynov",
              "Name": "agrynov-eks-node-role",
              "TfControl": "true",
              "owner": "agrynov"
            },
            "unique_id": "AROAV2LMLS7SDYCMZDYEM"
          },
          "sensitive_attributes": [],
          "private": "bnVsbA=="
        }
      ]
    },
    {
      "mode": "managed",
      "type": "aws_iam_role_policy_attachment",
      "name": "kubeedge-cluster-AmazonEKSClusterPolicy",
      "provider": "provider[\"registry.terraform.io/hashicorp/aws\"]",
      "instances": [
        {
          "schema_version": 0,
          "attributes": {
            "id": "agrynov-eks-role/arn:aws:iam::aws:policy/AmazonEKSClusterPolicy",
            "policy_arn": "arn:aws:iam::aws:policy/AmazonEKSClusterPolicy",
            "role": "agrynov-eks-role"
          },
          "sensitive_attributes": [],
          "private": "bnVsbA==",
          "dependencies": [
            "aws_iam_role.cluster"
          ]
        }
      ]
    },
    {
      "mode": "managed",
      "type": "aws_iam_role_policy_attachment",
      "name": "kubeedge-cluster-AmazonEKSVPCResourceController",
      "provider": "provider[\"registry.terraform.io/hashicorp/aws\"]",
      "instances": [
        {
          "schema_version": 0,
          "attributes": {
            "id": "agrynov-eks-role/arn:aws:iam::aws:policy/AmazonEKSVPCResourceController",
            "policy_arn": "arn:aws:iam::aws:policy/AmazonEKSVPCResourceController",
            "role": "agrynov-eks-role"
          },
          "sensitive_attributes": [],
          "private": "bnVsbA==",
          "dependencies": [
            "aws_iam_role.cluster"
          ]
        }
      ]
    },
    {
      "mode": "managed",
      "type": "aws_iam_role_policy_attachment",
      "name": "kubeedge-node-AmazonEC2ContainerRegistryReadOnly",
      "provider": "provider[\"registry.terraform.io/hashicorp/aws\"]",
      "instances": [
        {
          "schema_version": 0,
          "attributes": {
            "id": "agrynov-eks-node/arn:aws:iam::aws:policy/AmazonEC2ContainerRegistryReadOnly",
            "policy_arn": "arn:aws:iam::aws:policy/AmazonEC2ContainerRegistryReadOnly",
            "role": "agrynov-eks-node"
          },
          "sensitive_attributes": [],
          "private": "bnVsbA==",
          "dependencies": [
            "aws_iam_role.danit-node"
          ]
        }
      ]
    },
    {
      "mode": "managed",
      "type": "aws_iam_role_policy_attachment",
      "name": "kubeedge-node-AmazonEKSWorkerNodePolicy",
      "provider": "provider[\"registry.terraform.io/hashicorp/aws\"]",
      "instances": [
        {
          "schema_version": 0,
          "attributes": {
            "id": "agrynov-eks-node/arn:aws:iam::aws:policy/AmazonEKSWorkerNodePolicy",
            "policy_arn": "arn:aws:iam::aws:policy/AmazonEKSWorkerNodePolicy",
            "role": "agrynov-eks-node"
          },
          "sensitive_attributes": [],
          "private": "bnVsbA==",
          "dependencies": [
            "aws_iam_role.danit-node"
          ]
        }
      ]
    },
    {
      "mode": "managed",
      "type": "aws_iam_role_policy_attachment",
      "name": "kubeedge-node-AmazonEKS_CNI_Policy",
      "provider": "provider[\"registry.terraform.io/hashicorp/aws\"]",
      "instances": [
        {
          "schema_version": 0,
          "attributes": {
            "id": "agrynov-eks-node/arn:aws:iam::aws:policy/AmazonEKS_CNI_Policy",
            "policy_arn": "arn:aws:iam::aws:policy/AmazonEKS_CNI_Policy",
            "role": "agrynov-eks-node"
          },
          "sensitive_attributes": [],
          "private": "bnVsbA==",
          "dependencies": [
            "aws_iam_role.danit-node"
          ]
        }
      ]
    },
    {
      "mode": "managed",
      "type": "aws_iam_role_policy_attachment",
      "name": "kubeedge-node-AmazonSecretsPolicy",
      "provider": "provider[\"registry.terraform.io/hashicorp/aws\"]",
      "instances": [
        {
          "schema_version": 0,
          "attributes": {
            "id": "agrynov-eks-node/arn:aws:iam::400196081636:policy/GetSecrets",
            "policy_arn": "arn:aws:iam::400196081636:policy/GetSecrets",
            "role": "agrynov-eks-node"
          },
          "sensitive_attributes": [],
          "private": "bnVsbA==",
          "dependencies": [
            "aws_iam_policy.secrets_policy",
            "aws_iam_role.danit-node"
          ]
        }
      ]
    },
    {
      "mode": "managed",
      "type": "aws_security_group",
      "name": "danit-cluster",
      "provider": "provider[\"registry.terraform.io/hashicorp/aws\"]",
      "instances": [
        {
          "schema_version": 1,
          "attributes": {
            "arn": "arn:aws:ec2:eu-central-1:400196081636:security-group/sg-02e37995ed220edbc",
            "description": "Cluster communication with worker nodes",
            "egress": [
              {
                "cidr_blocks": [
                  "0.0.0.0/0"
                ],
                "description": "",
                "from_port": 0,
                "ipv6_cidr_blocks": [],
                "prefix_list_ids": [],
                "protocol": "-1",
                "security_groups": [],
                "self": false,
                "to_port": 0
              }
            ],
            "id": "sg-02e37995ed220edbc",
            "ingress": [],
            "name": "agrynov-eks-sg",
            "name_prefix": "",
            "owner_id": "400196081636",
            "region": "eu-central-1",
            "revoke_rules_on_delete": false,
            "tags": {
              "Environment": "test-agrynov",
              "Name": "agrynov-eks-sg",
              "TfControl": "true",
              "owner": "agrynov"
            },
            "tags_all": {
              "Environment": "test-agrynov",
              "Name": "agrynov-eks-sg",
              "TfControl": "true",
              "owner": "agrynov"
            },
            "timeouts": null,
            "vpc_id": "vpc-0d36300b8ac09e636"
          },
          "sensitive_attributes": [],
          "private": "eyJlMmJmYjczMC1lY2FhLTExZTYtOGY4OC0zNDM2M2JjN2M0YzAiOnsiY3JlYXRlIjo2MDAwMDAwMDAwMDAsImRlbGV0ZSI6OTAwMDAwMDAwMDAwfSwic2NoZW1hX3ZlcnNpb24iOiIxIn0="
        }
      ]
    },
    {
      "mode": "managed",
      "type": "aws_security_group_rule",
      "name": "kubeedge-cluster-ingress-workstation-https",
      "provider": "provider[\"registry.terraform.io/hashicorp/aws\"]",
      "instances": [
        {
          "schema_version": 2,
          "attributes": {
            "cidr_blocks": [
              "95.216.201.238/32"
            ],
            "description": "Allow workstation to communicate with the cluster API Server",
            "from_port": 443,
            "id": "sgrule-2799618523",
            "ipv6_cidr_blocks": null,
            "prefix_list_ids": null,
            "protocol": "tcp",
            "region": "eu-central-1",
            "security_group_id": "sg-02e37995ed220edbc",
            "security_group_rule_id": "sgr-0e4f16e2dbe1bb152",
            "self": false,
            "source_security_group_id": null,
            "timeouts": null,
            "to_port": 443,
            "type": "ingress"
          },
          "sensitive_attributes": [],
          "private": "eyJlMmJmYjczMC1lY2FhLTExZTYtOGY4OC0zNDM2M2JjN2M0YzAiOnsiY3JlYXRlIjozMDAwMDAwMDAwMDB9LCJzY2hlbWFfdmVyc2lvbiI6IjIifQ==",
          "dependencies": [
            "aws_security_group.danit-cluster",
            "data.http.workstation-external-ip"
          ]
        }
      ]
    },
    {
      "mode": "managed",
      "type": "helm_release",
      "name": "metrics",
      "provider": "provider[\"registry.terraform.io/hashicorp/helm\"]",
      "instances": [
        {
          "schema_version": 1,
          "attributes": {
            "atomic": false,
            "chart": "metrics-server",
            "cleanup_on_fail": false,
            "create_namespace": true,
            "dependency_update": false,
            "description": null,
            "devel": null,
            "disable_crd_hooks": false,
            "disable_openapi_validation": false,
            "disable_webhooks": false,
            "force_update": false,
            "id": "metrics-server",
            "keyring": null,
            "lint": false,
            "manifest": null,
            "max_history": 0,
            "metadata": [
              {
                "app_version": "0.7.1",
                "chart": "metrics-server",
                "name": "metrics-server",
                "namespace": "kube-system",
                "revision": 1,
                "values": "{}",
                "version": "3.12.1"
              }
            ],
            "name": "metrics-server",
            "namespace": "kube-system",
            "pass_credentials": false,
            "postrender": [],
            "recreate_pods": false,
            "render_subchart_notes": true,
            "replace": false,
            "repository": "https://kubernetes-sigs.github.io/metrics-server",
            "repository_ca_file": null,
            "repository_cert_file": null,
            "repository_key_file": null,
            "repository_password": null,
            "repository_username": null,
            "reset_values": false,
            "reuse_values": false,
            "set": [],
            "set_list": [],
            "set_sensitive": [],
            "skip_crds": false,
            "status": "deployed",
            "timeout": 300,
            "values": null,
            "verify": false,
            "version": "3.12.1",
            "wait": true,
            "wait_for_jobs": false
          },
          "sensitive_attributes": [
            [
              {
                "type": "get_attr",
                "value": "repository_password"
              }
            ]
          ],
          "private": "eyJzY2hlbWFfdmVyc2lvbiI6IjEifQ==",
          "dependencies": [
            "aws_eks_cluster.danit",
            "aws_eks_node_group.danit-amd",
            "aws_iam_role.cluster",
            "aws_iam_role.danit-node",
            "aws_iam_role_policy_attachment.kubeedge-cluster-AmazonEKSClusterPolicy",
            "aws_iam_role_policy_attachment.kubeedge-cluster-AmazonEKSVPCResourceController",
            "aws_iam_role_policy_attachment.kubeedge-node-AmazonEC2ContainerRegistryReadOnly",
            "aws_iam_role_policy_attachment.kubeedge-node-AmazonEKSWorkerNodePolicy",
            "aws_iam_role_policy_attachment.kubeedge-node-AmazonEKS_CNI_Policy",
            "aws_security_group.danit-cluster",
            "data.aws_eks_cluster_auth.danit"
          ]
        }
      ]
    },
    {
      "module": "module.acm",
      "mode": "managed",
      "type": "aws_acm_certificate",
      "name": "this",
      "provider": "provider[\"registry.terraform.io/hashicorp/aws\"]",
      "instances": [
        {
          "index_key": 0,
          "schema_version": 0,
          "attributes": {
            "arn": "arn:aws:acm:eu-central-1:400196081636:certificate/598052e1-038d-4e55-8fb3-0bf3a5a33c71",
            "certificate_authority_arn": "",
            "certificate_body": null,
            "certificate_chain": null,
            "domain_name": "agrynov.devops7.test-danit.com",
            "domain_validation_options": [
              {
                "domain_name": "*.agrynov.devops7.test-danit.com",
                "resource_record_name": "_935256b2d941e413681c50a4ab938be3.agrynov.devops7.test-danit.com.",
                "resource_record_type": "CNAME",
                "resource_record_value": "_3e4310778d8aea8e38c3cbf61cdc3285.xlfgrmvvlj.acm-validations.aws."
              },
              {
                "domain_name": "agrynov.devops7.test-danit.com",
                "resource_record_name": "_935256b2d941e413681c50a4ab938be3.agrynov.devops7.test-danit.com.",
                "resource_record_type": "CNAME",
                "resource_record_value": "_3e4310778d8aea8e38c3cbf61cdc3285.xlfgrmvvlj.acm-validations.aws."
              }
            ],
            "early_renewal_duration": "",
            "id": "arn:aws:acm:eu-central-1:400196081636:certificate/598052e1-038d-4e55-8fb3-0bf3a5a33c71",
            "key_algorithm": "RSA_2048",
            "not_after": "",
            "not_before": "",
            "options": [
              {
                "certificate_transparency_logging_preference": "ENABLED",
                "export": "DISABLED"
              }
            ],
            "pending_renewal": false,
            "private_key": null,
            "region": "eu-central-1",
            "renewal_eligibility": "INELIGIBLE",
            "renewal_summary": [],
            "status": "PENDING_VALIDATION",
            "subject_alternative_names": [
              "*.agrynov.devops7.test-danit.com",
              "agrynov.devops7.test-danit.com"
            ],
            "tags": {
              "Environment": "test-agrynov",
              "Name": "agrynov-eks",
              "TfControl": "true",
              "owner": "agrynov"
            },
            "tags_all": {
              "Environment": "test-agrynov",
              "Name": "agrynov-eks",
              "TfControl": "true",
              "owner": "agrynov"
            },
            "type": "AMAZON_ISSUED",
            "validation_emails": [],
            "validation_method": "DNS",
            "validation_option": []
          },
          "sensitive_attributes": [
            [
              {
                "type": "get_attr",
                "value": "private_key"
              }
            ]
          ],
          "private": "bnVsbA==",
          "create_before_destroy": true
        }
      ]
    },
    {
      "module": "module.acm",
      "mode": "managed",
      "type": "aws_route53_record",
      "name": "validation",
      "provider": "provider[\"registry.terraform.io/hashicorp/aws\"]",
      "instances": [
        {
          "index_key": 0,
          "schema_version": 2,
          "attributes": {
            "alias": [],
            "allow_overwrite": true,
            "cidr_routing_policy": [],
            "failover_routing_policy": [],
            "fqdn": "_935256b2d941e413681c50a4ab938be3.agrynov.devops7.test-danit.com",
            "geolocation_routing_policy": [],
            "geoproximity_routing_policy": [],
            "health_check_id": "",
            "id": "Z019656335LA6XJFZBSBO__935256b2d941e413681c50a4ab938be3.agrynov.devops7.test-danit.com._CNAME",
            "latency_routing_policy": [],
            "multivalue_answer_routing_policy": false,
            "name": "_935256b2d941e413681c50a4ab938be3.agrynov.devops7.test-danit.com",
            "records": [
              "_3e4310778d8aea8e38c3cbf61cdc3285.xlfgrmvvlj.acm-validations.aws."
            ],
            "set_identifier": "",
            "timeouts": null,
            "ttl": 60,
            "type": "CNAME",
            "weighted_routing_policy": [],
            "zone_id": "Z019656335LA6XJFZBSBO"
          },
          "sensitive_attributes": [],
          "private": "eyJlMmJmYjczMC1lY2FhLTExZTYtOGY4OC0zNDM2M2JjN2M0YzAiOnsiY3JlYXRlIjoxODAwMDAwMDAwMDAwLCJkZWxldGUiOjE4MDAwMDAwMDAwMDAsInVwZGF0ZSI6MTgwMDAwMDAwMDAwMH0sInNjaGVtYV92ZXJzaW9uIjoiMiJ9",
          "dependencies": [
            "data.aws_route53_zone.zone",
            "module.acm.aws_acm_certificate.this"
          ]
        }
      ]
    },
    {
      "module": "module.eks-external-dns",
      "mode": "data",
      "type": "aws_iam_policy_document",
      "name": "this",
      "provider": "provider[\"registry.terraform.io/hashicorp/aws\"]",
      "instances": [
        {
          "index_key": 0,
          "schema_version": 0,
          "attributes": {
            "id": "3999350484",
            "json": "{\n  \"Version\": \"2012-10-17\",\n  \"Statement\": [\n    {\n      \"Sid\": \"ChangeResourceRecordSets\",\n      \"Effect\": \"Allow\",\n      \"Action\": \"route53:ChangeResourceRecordSets\",\n      \"Resource\": \"arn:aws:route53:::hostedzone/*\"\n    },\n    {\n      \"Sid\": \"ListResourceRecordSets\",\n      \"Effect\": \"Allow\",\n      \"Action\": [\n        \"route53:ListTagsForResource\",\n        \"route53:ListResourceRecordSets\",\n        \"route53:ListHostedZones\"\n      ],\n      \"Resource\": \"*\"\n    }\n  ]\n}",
            "minified_json": "{\"Version\":\"2012-10-17\",\"Statement\":[{\"Sid\":\"ChangeResourceRecordSets\",\"Effect\":\"Allow\",\"Action\":\"route53:ChangeResourceRecordSets\",\"Resource\":\"arn:aws:route53:::hostedzone/*\"},{\"Sid\":\"ListResourceRecordSets\",\"Effect\":\"Allow\",\"Action\":[\"route53:ListTagsForResource\",\"route53:ListResourceRecordSets\",\"route53:ListHostedZones\"],\"Resource\":\"*\"}]}",
            "override_json": null,
            "override_policy_documents": null,
            "policy_id": null,
            "source_json": null,
            "source_policy_documents": null,
            "statement": [
              {
                "actions": [
                  "route53:ChangeResourceRecordSets"
                ],
                "condition": [],
                "effect": "Allow",
                "not_actions": [],
                "not_principals": [],
                "not_resources": [],
                "principals": [],
                "resources": [
                  "arn:aws:route53:::hostedzone/*"
                ],
                "sid": "ChangeResourceRecordSets"
              },
              {
                "actions": [
                  "route53:ListHostedZones",
                  "route53:ListResourceRecordSets",
                  "route53:ListTagsForResource"
                ],
                "condition": [],
                "effect": "Allow",
                "not_actions": [],
                "not_principals": [],
                "not_resources": [],
                "principals": [],
                "resources": [
                  "*"
                ],
                "sid": "ListResourceRecordSets"
              }
            ],
            "version": "2012-10-17"
          },
          "sensitive_attributes": []
        }
      ]
    },
    {
      "module": "module.eks-external-dns",
      "mode": "data",
      "type": "aws_iam_policy_document",
      "name": "this_assume",
      "provider": "provider[\"registry.terraform.io/hashicorp/aws\"]",
      "instances": []
    },
    {
      "module": "module.eks-external-dns",
      "mode": "data",
      "type": "aws_iam_policy_document",
      "name": "this_irsa",
      "provider": "provider[\"registry.terraform.io/hashicorp/aws\"]",
      "instances": [
        {
          "index_key": 0,
          "schema_version": 0,
          "attributes": {
            "id": "2799705778",
            "json": "{\n  \"Version\": \"2012-10-17\",\n  \"Statement\": [\n    {\n      \"Effect\": \"Allow\",\n      \"Action\": \"sts:AssumeRoleWithWebIdentity\",\n      \"Principal\": {\n        \"Federated\": \"arn:aws:iam::400196081636:oidc-provider/oidc.eks.eu-central-1.amazonaws.com/id/D2B369D917D94A0570DEB337625C8C9A\"\n      },\n      \"Condition\": {\n        \"StringEquals\": {\n          \"oidc.eks.eu-central-1.amazonaws.com/id/D2B369D917D94A0570DEB337625C8C9A:sub\": \"system:serviceaccount:kube-system:external-dns\"\n        }\n      }\n    }\n  ]\n}",
            "minified_json": "{\"Version\":\"2012-10-17\",\"Statement\":[{\"Effect\":\"Allow\",\"Action\":\"sts:AssumeRoleWithWebIdentity\",\"Principal\":{\"Federated\":\"arn:aws:iam::400196081636:oidc-provider/oidc.eks.eu-central-1.amazonaws.com/id/D2B369D917D94A0570DEB337625C8C9A\"},\"Condition\":{\"StringEquals\":{\"oidc.eks.eu-central-1.amazonaws.com/id/D2B369D917D94A0570DEB337625C8C9A:sub\":\"system:serviceaccount:kube-system:external-dns\"}}}]}",
            "override_json": null,
            "override_policy_documents": null,
            "policy_id": null,
            "source_json": null,
            "source_policy_documents": null,
            "statement": [
              {
                "actions": [
                  "sts:AssumeRoleWithWebIdentity"
                ],
                "condition": [
                  {
                    "test": "StringEquals",
                    "values": [
                      "system:serviceaccount:kube-system:external-dns"
                    ],
                    "variable": "oidc.eks.eu-central-1.amazonaws.com/id/D2B369D917D94A0570DEB337625C8C9A:sub"
                  }
                ],
                "effect": "Allow",
                "not_actions": [],
                "not_principals": [],
                "not_resources": [],
                "principals": [
                  {
                    "identifiers": [
                      "arn:aws:iam::400196081636:oidc-provider/oidc.eks.eu-central-1.amazonaws.com/id/D2B369D917D94A0570DEB337625C8C9A"
                    ],
                    "type": "Federated"
                  }
                ],
                "resources": [],
                "sid": ""
              }
            ],
            "version": "2012-10-17"
          },
          "sensitive_attributes": []
        }
      ]
    },
    {
      "module": "module.eks-external-dns",
      "mode": "data",
      "type": "aws_region",
      "name": "current",
      "provider": "provider[\"registry.terraform.io/hashicorp/aws\"]",
      "instances": [
        {
          "schema_version": 0,
          "attributes": {
            "description": "Europe (Frankfurt)",
            "endpoint": "ec2.eu-central-1.amazonaws.com",
            "id": "eu-central-1",
            "name": "eu-central-1",
            "region": "eu-central-1"
          },
          "sensitive_attributes": []
        }
      ]
    },
    {
      "module": "module.eks-external-dns",
      "mode": "data",
      "type": "utils_deep_merge_yaml",
      "name": "argo_helm_values",
      "provider": "provider[\"registry.terraform.io/cloudposse/utils\"]",
      "instances": []
    },
    {
      "module": "module.eks-external-dns",
      "mode": "data",
      "type": "utils_deep_merge_yaml",
      "name": "values",
      "provider": "provider[\"registry.terraform.io/cloudposse/utils\"]",
      "instances": [
        {
          "index_key": 0,
          "schema_version": 0,
          "attributes": {
            "append_list": false,
            "deep_copy_list": false,
            "id": "e827a591172b9d066a63c4c7ed39926850bb710c",
            "input": [
              "\"aws\":\n  \"assumeRoleArn\": \"\"\n  \"region\": \"eu-central-1\"\n\"rbac\":\n  \"create\": true\n\"serviceAccount\":\n  \"annotations\":\n    \"eks.amazonaws.com/role-arn\": \"arn:aws:iam::400196081636:role/external-dns-irsa-external-dns\"\n  \"create\": true\n  \"name\": \"external-dns\"\n"
            ],
            "output": "aws:\n    assumeRoleArn: \"\"\n    region: eu-central-1\nrbac:\n    create: true\nserviceAccount:\n    annotations:\n        eks.amazonaws.com/role-arn: arn:aws:iam::400196081636:role/external-dns-irsa-external-dns\n    create: true\n    name: external-dns\n"
          },
          "sensitive_attributes": []
        }
      ]
    },
    {
      "module": "module.eks-external-dns",
      "mode": "managed",
      "type": "aws_iam_policy",
      "name": "this",
      "provider": "provider[\"registry.terraform.io/hashicorp/aws\"]",
      "instances": [
        {
          "index_key": 0,
          "schema_version": 0,
          "attributes": {
            "arn": "arn:aws:iam::400196081636:policy/external-dns-irsa-external-dns",
            "attachment_count": 0,
            "description": "Policy for external-dns service",
            "id": "arn:aws:iam::400196081636:policy/external-dns-irsa-external-dns",
            "name": "external-dns-irsa-external-dns",
            "name_prefix": "",
            "path": "/",
            "policy": "{\"Statement\":[{\"Action\":\"route53:ChangeResourceRecordSets\",\"Effect\":\"Allow\",\"Resource\":\"arn:aws:route53:::hostedzone/*\",\"Sid\":\"ChangeResourceRecordSets\"},{\"Action\":[\"route53:ListTagsForResource\",\"route53:ListResourceRecordSets\",\"route53:ListHostedZones\"],\"Effect\":\"Allow\",\"Resource\":\"*\",\"Sid\":\"ListResourceRecordSets\"}],\"Version\":\"2012-10-17\"}",
            "policy_id": "ANPAV2LMLS7SM3K5ZTDPG",
            "tags": null,
            "tags_all": {}
          },
          "sensitive_attributes": [],
          "private": "bnVsbA==",
          "dependencies": [
            "module.eks-external-dns.data.aws_iam_policy_document.this",
            "module.eks-external-dns.data.aws_iam_policy_document.this_assume"
          ]
        }
      ]
    },
    {
      "module": "module.eks-external-dns",
      "mode": "managed",
      "type": "aws_iam_role",
      "name": "this",
      "provider": "provider[\"registry.terraform.io/hashicorp/aws\"]",
      "instances": [
        {
          "index_key": 0,
          "schema_version": 0,
          "attributes": {
            "arn": "arn:aws:iam::400196081636:role/external-dns-irsa-external-dns",
            "assume_role_policy": "{\"Statement\":[{\"Action\":\"sts:AssumeRoleWithWebIdentity\",\"Condition\":{\"StringEquals\":{\"oidc.eks.eu-central-1.amazonaws.com/id/D2B369D917D94A0570DEB337625C8C9A:sub\":\"system:serviceaccount:kube-system:external-dns\"}},\"Effect\":\"Allow\",\"Principal\":{\"Federated\":\"arn:aws:iam::400196081636:oidc-provider/oidc.eks.eu-central-1.amazonaws.com/id/D2B369D917D94A0570DEB337625C8C9A\"}}],\"Version\":\"2012-10-17\"}",
            "create_date": "2025-10-16T14:39:20Z",
            "description": "",
            "force_detach_policies": false,
            "id": "external-dns-irsa-external-dns",
            "inline_policy": [],
            "managed_policy_arns": [],
            "max_session_duration": 3600,
            "name": "external-dns-irsa-external-dns",
            "name_prefix": "",
            "path": "/",
            "permissions_boundary": "",
            "tags": null,
            "tags_all": {},
            "unique_id": "AROAV2LMLS7SH452SRHA3"
          },
          "sensitive_attributes": [],
          "private": "bnVsbA==",
          "dependencies": [
            "aws_eks_cluster.danit",
            "aws_iam_role.cluster",
            "aws_iam_role_policy_attachment.kubeedge-cluster-AmazonEKSClusterPolicy",
            "aws_iam_role_policy_attachment.kubeedge-cluster-AmazonEKSVPCResourceController",
            "aws_security_group.danit-cluster",
            "module.eks-external-dns.data.aws_iam_policy_document.this_irsa",
            "module.oidc-provider-data.data.aws_caller_identity.current",
            "module.oidc-provider-data.data.aws_partition.current"
          ]
        }
      ]
    },
    {
      "module": "module.eks-external-dns",
      "mode": "managed",
      "type": "aws_iam_role_policy_attachment",
      "name": "this",
      "provider": "provider[\"registry.terraform.io/hashicorp/aws\"]",
      "instances": [
        {
          "index_key": 0,
          "schema_version": 0,
          "attributes": {
            "id": "external-dns-irsa-external-dns/arn:aws:iam::400196081636:policy/external-dns-irsa-external-dns",
            "policy_arn": "arn:aws:iam::400196081636:policy/external-dns-irsa-external-dns",
            "role": "external-dns-irsa-external-dns"
          },
          "sensitive_attributes": [],
          "private": "bnVsbA==",
          "dependencies": [
            "aws_eks_cluster.danit",
            "aws_iam_role.cluster",
            "aws_iam_role_policy_attachment.kubeedge-cluster-AmazonEKSClusterPolicy",
            "aws_iam_role_policy_attachment.kubeedge-cluster-AmazonEKSVPCResourceController",
            "aws_security_group.danit-cluster",
            "module.eks-external-dns.aws_iam_policy.this",
            "module.eks-external-dns.aws_iam_role.this",
            "module.eks-external-dns.data.aws_iam_policy_document.this",
            "module.eks-external-dns.data.aws_iam_policy_document.this_assume",
            "module.eks-external-dns.data.aws_iam_policy_document.this_irsa",
            "module.oidc-provider-data.data.aws_caller_identity.current",
            "module.oidc-provider-data.data.aws_partition.current"
          ]
        }
      ]
    },
    {
      "module": "module.eks-external-dns",
      "mode": "managed",
      "type": "aws_iam_role_policy_attachment",
      "name": "this_additional",
      "provider": "provider[\"registry.terraform.io/hashicorp/aws\"]",
      "instances": []
    },
    {
      "module": "module.eks-external-dns",
      "mode": "managed",
      "type": "helm_release",
      "name": "argo_application",
      "provider": "provider[\"registry.terraform.io/hashicorp/helm\"]",
      "instances": []
    },
    {
      "module": "module.eks-external-dns",
      "mode": "managed",
      "type": "helm_release",
      "name": "this",
      "provider": "provider[\"registry.terraform.io/hashicorp/helm\"]",
      "instances": [
        {
          "index_key": 0,
          "schema_version": 1,
          "attributes": {
            "atomic": false,
            "chart": "external-dns",
            "cleanup_on_fail": false,
            "create_namespace": true,
            "dependency_update": false,
            "description": "",
            "devel": null,
            "disable_crd_hooks": false,
            "disable_openapi_validation": false,
            "disable_webhooks": false,
            "force_update": false,
            "id": "external-dns",
            "keyring": null,
            "lint": false,
            "manifest": null,
            "max_history": 0,
            "metadata": [
              {
                "app_version": "0.12.0",
                "chart": "external-dns",
                "name": "external-dns",
                "namespace": "kube-system",
                "revision": 1,
                "values": "{\"aws\":{\"assumeRoleArn\":\"\",\"region\":\"eu-central-1\"},\"rbac\":{\"create\":true},\"serviceAccount\":{\"annotations\":{\"eks.amazonaws.com/role-arn\":\"arn:aws:iam::400196081636:role/external-dns-irsa-external-dns\"},\"create\":true,\"name\":\"external-dns\"}}",
                "version": "6.5.6"
              }
            ],
            "name": "external-dns",
            "namespace": "kube-system",
            "pass_credentials": false,
            "postrender": [],
            "recreate_pods": false,
            "render_subchart_notes": true,
            "replace": false,
            "repository": "https://charts.bitnami.com/bitnami",
            "repository_ca_file": "",
            "repository_cert_file": "",
            "repository_key_file": "",
            "repository_password": "",
            "repository_username": "",
            "reset_values": false,
            "reuse_values": false,
            "set": [],
            "set_list": [],
            "set_sensitive": [],
            "skip_crds": false,
            "status": "deployed",
            "timeout": 300,
            "values": [
              "aws:\n    assumeRoleArn: \"\"\n    region: eu-central-1\nrbac:\n    create: true\nserviceAccount:\n    annotations:\n        eks.amazonaws.com/role-arn: arn:aws:iam::400196081636:role/external-dns-irsa-external-dns\n    create: true\n    name: external-dns\n"
            ],
            "verify": false,
            "version": "6.5.6",
            "wait": false,
            "wait_for_jobs": false
          },
          "sensitive_attributes": [
            [
              {
                "type": "get_attr",
                "value": "repository_password"
              }
            ]
          ],
          "private": "eyJzY2hlbWFfdmVyc2lvbiI6IjEifQ==",
          "dependencies": [
            "aws_eks_cluster.danit",
            "aws_iam_role.cluster",
            "aws_iam_role_policy_attachment.kubeedge-cluster-AmazonEKSClusterPolicy",
            "aws_iam_role_policy_attachment.kubeedge-cluster-AmazonEKSVPCResourceController",
            "aws_security_group.danit-cluster",
            "data.aws_eks_cluster_auth.danit",
            "module.eks-external-dns.aws_iam_role.this",
            "module.eks-external-dns.data.aws_iam_policy_document.this_irsa",
            "module.eks-external-dns.data.aws_region.current",
            "module.eks-external-dns.data.utils_deep_merge_yaml.values",
            "module.oidc-provider-data.data.aws_caller_identity.current",
            "module.oidc-provider-data.data.aws_partition.current"
          ]
        }
      ]
    },
    {
      "module": "module.eks-external-dns",
      "mode": "managed",
      "type": "kubernetes_job",
      "name": "helm_argo_application_wait",
      "provider": "provider[\"registry.terraform.io/hashicorp/kubernetes\"]",
      "instances": []
    },
    {
      "module": "module.eks-external-dns",
      "mode": "managed",
      "type": "kubernetes_manifest",
      "name": "this",
      "provider": "provider[\"registry.terraform.io/hashicorp/kubernetes\"]",
      "instances": []
    },
    {
      "module": "module.eks-external-dns",
      "mode": "managed",
      "type": "kubernetes_role",
      "name": "helm_argo_application_wait",
      "provider": "provider[\"registry.terraform.io/hashicorp/kubernetes\"]",
      "instances": []
    },
    {
      "module": "module.eks-external-dns",
      "mode": "managed",
      "type": "kubernetes_role_binding",
      "name": "helm_argo_application_wait",
      "provider": "provider[\"registry.terraform.io/hashicorp/kubernetes\"]",
      "instances": []
    },
    {
      "module": "module.eks-external-dns",
      "mode": "managed",
      "type": "kubernetes_service_account",
      "name": "helm_argo_application_wait",
      "provider": "provider[\"registry.terraform.io/hashicorp/kubernetes\"]",
      "instances": []
    },
    {
      "module": "module.oidc-provider-data",
      "mode": "data",
      "type": "aws_caller_identity",
      "name": "current",
      "provider": "provider[\"registry.terraform.io/hashicorp/aws\"]",
      "instances": [
        {
          "schema_version": 0,
          "attributes": {
            "account_id": "400196081636",
            "arn": "arn:aws:iam::400196081636:user/agrynov",
            "id": "400196081636",
            "user_id": "AIDAV2LMLS7SMRS5R4S4M"
          },
          "sensitive_attributes": []
        }
      ]
    },
    {
      "module": "module.oidc-provider-data",
      "mode": "data",
      "type": "aws_partition",
      "name": "current",
      "provider": "provider[\"registry.terraform.io/hashicorp/aws\"]",
      "instances": [
        {
          "schema_version": 0,
          "attributes": {
            "dns_suffix": "amazonaws.com",
            "id": "aws",
            "partition": "aws",
            "reverse_dns_prefix": "com.amazonaws"
          },
          "sensitive_attributes": []
        }
      ]
    }
  ],
  "check_results": [
    {
      "object_kind": "var",
      "config_addr": "module.acm.var.validation_method",
      "status": "pass",
      "objects": [
        {
          "object_addr": "module.acm.var.validation_method",
          "status": "pass"
        }
      ]
    }
  ]
}
